# This file was autogenerated by uv via the following command:
#    uv pip compile requirements.production.txt -o requirements.lock
aiocache==0.12.3
    # via -r requirements.production.txt
annotated-doc==0.0.4
    # via fastapi
annotated-types==0.7.0
    # via pydantic
anyio==4.13.0
    # via
    #   httpx
    #   starlette
    #   watchfiles
argon2-cffi==25.1.0
    # via passlib
argon2-cffi-bindings==25.1.0
    # via argon2-cffi
authlib==1.6.12
    # via -r requirements.production.txt
bcrypt==4.0.1
    # via -r requirements.production.txt
certifi==2026.4.22
    # via
    #   httpcore
    #   httpx
    #   requests
    #   sentry-sdk
cffi==2.0.0
    # via
    #   argon2-cffi-bindings
    #   cryptography
chardet==5.2.0
    # via -r requirements.production.txt
charset-normalizer==3.4.7
    # via
    #   reportlab
    #   requests
click==8.4.0
    # via uvicorn
colorama==0.4.6
    # via
    #   click
    #   uvicorn
cryptography==46.0.7
    # via
    #   -r requirements.production.txt
    #   authlib
dnspython==2.8.0
    # via
    #   email-validator
    #   pymongo
email-validator==2.3.0
    # via -r requirements.production.txt
et-xmlfile==2.0.0
    # via openpyxl
fastapi==0.135.1
    # via
    #   -r requirements.production.txt
    #   sentry-sdk
gunicorn==25.1.0
    # via -r requirements.production.txt
h11==0.16.0
    # via
    #   httpcore
    #   uvicorn
httpcore==1.0.9
    # via httpx
httptools==0.7.1
    # via uvicorn
httpx==0.28.1
    # via -r requirements.production.txt
idna==3.15
    # via
    #   anyio
    #   email-validator
    #   httpx
    #   requests
ifaddr==0.2.0
    # via zeroconf
motor==3.7.1
    # via -r requirements.production.txt
numpy==2.4.6
    # via pandas
openpyxl==3.1.5
    # via -r requirements.production.txt
orjson==3.11.7
    # via -r requirements.production.txt
packaging==26.2
    # via
    #   gunicorn
    #   wheel
pandas==3.0.3
    # via -r requirements.production.txt
passlib==1.7.4
    # via -r requirements.production.txt
pillow==12.2.0
    # via
    #   -r requirements.production.txt
    #   reportlab
prometheus-client==0.24.1
    # via -r requirements.production.txt
psutil==7.2.2
    # via -r requirements.production.txt
pycparser==3.0
    # via cffi
pydantic==2.12.5
    # via
    #   -r requirements.production.txt
    #   fastapi
    #   pydantic-settings
pydantic-core==2.41.5
    # via pydantic
pydantic-settings==2.13.1
    # via -r requirements.production.txt
pyjwt==2.12.1
    # via -r requirements.production.txt
pymongo==4.16.0
    # via
    #   -r requirements.production.txt
    #   motor
pyodbc==5.3.0
    # via -r requirements.production.txt
python-dateutil==2.9.0.post0
    # via
    #   -r requirements.production.txt
    #   pandas
python-dotenv==1.2.2
    # via
    #   -r requirements.production.txt
    #   pydantic-settings
    #   uvicorn
python-json-logger==4.0.0
    # via -r requirements.production.txt
python-multipart==0.0.27
    # via -r requirements.production.txt
pyyaml==6.0.3
    # via uvicorn
rapidfuzz==3.14.3
    # via -r requirements.production.txt
redis==7.3.0
    # via -r requirements.production.txt
reportlab==4.4.10
    # via -r requirements.production.txt
requests==2.34.2
    # via -r requirements.production.txt
sentry-sdk==2.54.0
    # via -r requirements.production.txt
setuptools==82.0.1
    # via -r requirements.production.txt
six==1.17.0
    # via python-dateutil
starlette==1.0.0
    # via fastapi
tenacity==9.1.4
    # via -r requirements.production.txt
typing-extensions==4.15.0
    # via
    #   anyio
    #   fastapi
    #   pydantic
    #   pydantic-core
    #   starlette
    #   typing-inspection
typing-inspection==0.4.2
    # via
    #   fastapi
    #   pydantic
    #   pydantic-settings
tzdata==2026.2
    # via pandas
ujson==5.12.1
    # via -r requirements.production.txt
urllib3==2.7.0
    # via
    #   -r requirements.production.txt
    #   requests
    #   sentry-sdk
uvicorn==0.41.0
    # via -r requirements.production.txt
watchfiles==1.2.0
    # via uvicorn
websockets==16.0
    # via uvicorn
wheel==0.46.3
    # via -r requirements.production.txt
xlsxwriter==3.2.9
    # via -r requirements.production.txt
zeroconf==0.148.0
    # via -r requirements.production.txt
